
Microsoft Visual Studio Solution File, Format Version 12.00
# Visual Studio Version 17
VisualStudioVersion = 17.6.33723.286
MinimumVisualStudioVersion = 10.0.40219.1
Project("{FAE04EC0-301F-11D3-BF4B-00C04F79EFBC}") = "CSharp", "CSharp\CSharp.csproj", "{8D8DC58A-BEC7-41C2-ABC8-C556CB576685}"
EndProject
Global
	GlobalSection(SolutionConfigurationPlatforms) = preSolution
		Debug|Any CPU = Debug|Any CPU
		Release|Any CPU = Release|Any CPU
	EndGlobalSection
	GlobalSection(ProjectConfigurationPlatforms) = postSolution
		{8D8DC58A-BEC7-41C2-ABC8-C556CB576685}.Debug|Any CPU.ActiveCfg = Debug|Any CPU
		{8D8DC58A-BEC7-41C2-ABC8-C556CB576685}.Debug|Any CPU.Build.0 = Debug|Any CPU
		{8D8DC58A-BEC7-41C2-ABC8-C556CB576685}.Release|Any CPU.ActiveCfg = Release|Any CPU
		{8D8DC58A-BEC7-41C2-ABC8-C556CB576685}.Release|Any CPU.Build.0 = Release|Any CPU
	EndGlobalSection
	GlobalSection(SolutionProperties) = preSolution
		HideSolutionNode = FALSE
	EndGlobalSection
	GlobalSection(ExtensibilityGlobals) = postSolution
		SolutionGuid = {E87362EA-C16D-4DF3-84D4-346749AD0A7D}
	EndGlobalSection
EndGlobal
